
Microsoft Visual Studio Solution File, Format Version 12.00
# Visual Studio Version 16
VisualStudioVersion = 25.0.1700.7
MinimumVisualStudioVersion = 10.0.40219.1
Project("{FAE04EC0-301F-11D3-BF4B-00C04F79EFBC}") = "LeaveManagement", "LeaveManagement\LeaveManagement.csproj", "{8773C7CC-D319-4EAA-9B78-E29C1AE24186}"
EndProject
Global
	GlobalSection(SolutionConfigurationPlatforms) = preSolution
		Debug|Any CPU = Debug|Any CPU
		Release|Any CPU = Release|Any CPU
	EndGlobalSection
	GlobalSection(ProjectConfigurationPlatforms) = postSolution
		{8773C7CC-D319-4EAA-9B78-E29C1AE24186}.Debug|Any CPU.ActiveCfg = Debug|Any CPU
		{8773C7CC-D319-4EAA-9B78-E29C1AE24186}.Debug|Any CPU.Build.0 = Debug|Any CPU
		{8773C7CC-D319-4EAA-9B78-E29C1AE24186}.Release|Any CPU.ActiveCfg = Release|Any CPU
		{8773C7CC-D319-4EAA-9B78-E29C1AE24186}.Release|Any CPU.Build.0 = Release|Any CPU
	EndGlobalSection
	GlobalSection(SolutionProperties) = preSolution
		HideSolutionNode = FALSE
	EndGlobalSection
	GlobalSection(ExtensibilityGlobals) = postSolution
		SolutionGuid = {05E480B9-A5CB-4F8E-B73D-40CC71A0EBEA}
	EndGlobalSection
EndGlobal
